
Microsoft Visual Studio Solution File, Format Version 12.00
# Visual Studio Version 16
VisualStudioVersion = 16.0.31424.327
MinimumVisualStudioVersion = 10.0.40219.1
Project("{FAE04EC0-301F-11D3-BF4B-00C04F79EFBC}") = "1_4_CommandLine", "Sample\1_4_CommandLine\1_4_CommandLine.csproj", "{E02A6809-4C84-4AEB-9CDD-927BE64E798D}"
EndProject
Project("{FAE04EC0-301F-11D3-BF4B-00C04F79EFBC}") = "3_3_Instance", "Sample\3_3_Instance\3_3_Instance.csproj", "{7D695EA6-1178-4278-9703-CA0C4BCC7D47}"
EndProject
Project("{FAE04EC0-301F-11D3-BF4B-00C04F79EFBC}") = "3_6_Constructor", "Sample\3_6_Constructor\3_6_Constructor.csproj", "{BD7C7393-2313-4700-8AA5-B4A20133AE67}"
EndProject
Project("{FAE04EC0-301F-11D3-BF4B-00C04F79EFBC}") = "4_4_Encapsulation", "Sample\4_4_Encapsulation\4_4_Encapsulation.csproj", "{C62E0F0B-1336-45F3-AF2F-266F26CFC037}"
EndProject
Project("{FAE04EC0-301F-11D3-BF4B-00C04F79EFBC}") = "5_2_Overload", "Sample\5_2_Overload\5_2_Overload.csproj", "{F380C1D3-7F9A-4EC9-A09B-BA915A3913AB}"
EndProject
Project("{FAE04EC0-301F-11D3-BF4B-00C04F79EFBC}") = "6_1_Inheritance", "Sample\6_1_Inheritance\6_1_Inheritance.csproj", "{E70DC0B1-929F-41C2-BA1D-094E41A60152}"
EndProject
Project("{FAE04EC0-301F-11D3-BF4B-00C04F79EFBC}") = "6_4_Constructor", "Sample\6_4_Constructor\6_4_Constructor.csproj", "{EA211B0A-6A62-4133-B62C-B0A15DCF930D}"
EndProject
Project("{FAE04EC0-301F-11D3-BF4B-00C04F79EFBC}") = "6_5_Override", "Sample\6_5_Override\6_5_Override.csproj", "{32FA73D0-BDED-4C68-A267-AFBE4C7C2210}"
EndProject
Project("{FAE04EC0-301F-11D3-BF4B-00C04F79EFBC}") = "7_2_Abstract", "Sample\7_2_Abstract\7_2_Abstract.csproj", "{C1AC133D-F039-4787-840B-E1FFDF815BDE}"
EndProject
Project("{FAE04EC0-301F-11D3-BF4B-00C04F79EFBC}") = "7_3_Interface", "Sample\7_3_Interface\7_3_Interface.csproj", "{84099DDE-34CC-45B6-80D2-68826FACEE48}"
EndProject
Project("{FAE04EC0-301F-11D3-BF4B-00C04F79EFBC}") = "8_3_Exception", "Sample\8_3_Exception\8_3_Exception.csproj", "{18477A3A-0A2A-49C8-9D50-082F4B76F83A}"
EndProject
Project("{FAE04EC0-301F-11D3-BF4B-00C04F79EFBC}") = "8_5_ThrowException", "Sample\8_5_ThrowException\8_5_ThrowException.csproj", "{8AE752B4-CC53-4E88-88FD-E39E392A0584}"
EndProject
Project("{FAE04EC0-301F-11D3-BF4B-00C04F79EFBC}") = "8_6_UserDefinedException", "Sample\8_6_UserDefinedException\8_6_UserDefinedException.csproj", "{2EE88576-FD57-4CB4-92DE-378BF7FFEDF9}"
EndProject
Project("{FAE04EC0-301F-11D3-BF4B-00C04F79EFBC}") = "9_5_Dictionary", "Sample\9_5_Dictionary\9_5_Dictionary.csproj", "{0D1D67CD-EDDC-4B1F-9896-A7FD877C12D9}"
EndProject
Project("{FAE04EC0-301F-11D3-BF4B-00C04F79EFBC}") = "9_6_List", "Sample\9_6_List\9_6_List.csproj", "{DDEA7B7D-9C4E-4004-A6FE-DDBCA5EC1620}"
EndProject
Project("{FAE04EC0-301F-11D3-BF4B-00C04F79EFBC}") = "HelloGUI", "Sample\HelloGUI\HelloGUI.csproj", "{C0EC7C2D-C814-4594-A370-A1095947657C}"
EndProject
Project("{FAE04EC0-301F-11D3-BF4B-00C04F79EFBC}") = "Sample", "Sample\Sample\Sample.csproj", "{C6331B75-A666-404E-8A03-4BA0286028FD}"
EndProject
Global
	GlobalSection(SolutionConfigurationPlatforms) = preSolution
		Debug|Any CPU = Debug|Any CPU
		Debug|x64 = Debug|x64
		Debug|x86 = Debug|x86
		Release|Any CPU = Release|Any CPU
		Release|x64 = Release|x64
		Release|x86 = Release|x86
	EndGlobalSection
	GlobalSection(ProjectConfigurationPlatforms) = postSolution
		{E02A6809-4C84-4AEB-9CDD-927BE64E798D}.Debug|Any CPU.ActiveCfg = Debug|Any CPU
		{E02A6809-4C84-4AEB-9CDD-927BE64E798D}.Debug|Any CPU.Build.0 = Debug|Any CPU
		{E02A6809-4C84-4AEB-9CDD-927BE64E798D}.Debug|x64.ActiveCfg = Debug|Any CPU
		{E02A6809-4C84-4AEB-9CDD-927BE64E798D}.Debug|x64.Build.0 = Debug|Any CPU
		{E02A6809-4C84-4AEB-9CDD-927BE64E798D}.Debug|x86.ActiveCfg = Debug|Any CPU
		{E02A6809-4C84-4AEB-9CDD-927BE64E798D}.Debug|x86.Build.0 = Debug|Any CPU
		{E02A6809-4C84-4AEB-9CDD-927BE64E798D}.Release|Any CPU.ActiveCfg = Release|Any CPU
		{E02A6809-4C84-4AEB-9CDD-927BE64E798D}.Release|Any CPU.Build.0 = Release|Any CPU
		{E02A6809-4C84-4AEB-9CDD-927BE64E798D}.Release|x64.ActiveCfg = Release|Any CPU
		{E02A6809-4C84-4AEB-9CDD-927BE64E798D}.Release|x64.Build.0 = Release|Any CPU
		{E02A6809-4C84-4AEB-9CDD-927BE64E798D}.Release|x86.ActiveCfg = Release|Any CPU
		{E02A6809-4C84-4AEB-9CDD-927BE64E798D}.Release|x86.Build.0 = Release|Any CPU
		{7D695EA6-1178-4278-9703-CA0C4BCC7D47}.Debug|Any CPU.ActiveCfg = Debug|Any CPU
		{7D695EA6-1178-4278-9703-CA0C4BCC7D47}.Debug|Any CPU.Build.0 = Debug|Any CPU
		{7D695EA6-1178-4278-9703-CA0C4BCC7D47}.Debug|x64.ActiveCfg = Debug|Any CPU
		{7D695EA6-1178-4278-9703-CA0C4BCC7D47}.Debug|x64.Build.0 = Debug|Any CPU
		{7D695EA6-1178-4278-9703-CA0C4BCC7D47}.Debug|x86.ActiveCfg = Debug|Any CPU
		{7D695EA6-1178-4278-9703-CA0C4BCC7D47}.Debug|x86.Build.0 = Debug|Any CPU
		{7D695EA6-1178-4278-9703-CA0C4BCC7D47}.Release|Any CPU.ActiveCfg = Release|Any CPU
		{7D695EA6-1178-4278-9703-CA0C4BCC7D47}.Release|Any CPU.Build.0 = Release|Any CPU
		{7D695EA6-1178-4278-9703-CA0C4BCC7D47}.Release|x64.ActiveCfg = Release|Any CPU
		{7D695EA6-1178-4278-9703-CA0C4BCC7D47}.Release|x64.Build.0 = Release|Any CPU
		{7D695EA6-1178-4278-9703-CA0C4BCC7D47}.Release|x86.ActiveCfg = Release|Any CPU
		{7D695EA6-1178-4278-9703-CA0C4BCC7D47}.Release|x86.Build.0 = Release|Any CPU
		{BD7C7393-2313-4700-8AA5-B4A20133AE67}.Debug|Any CPU.ActiveCfg = Debug|Any CPU
		{BD7C7393-2313-4700-8AA5-B4A20133AE67}.Debug|Any CPU.Build.0 = Debug|Any CPU
		{BD7C7393-2313-4700-8AA5-B4A20133AE67}.Debug|x64.ActiveCfg = Debug|Any CPU
		{BD7C7393-2313-4700-8AA5-B4A20133AE67}.Debug|x64.Build.0 = Debug|Any CPU
		{BD7C7393-2313-4700-8AA5-B4A20133AE67}.Debug|x86.ActiveCfg = Debug|Any CPU
		{BD7C7393-2313-4700-8AA5-B4A20133AE67}.Debug|x86.Build.0 = Debug|Any CPU
		{BD7C7393-2313-4700-8AA5-B4A20133AE67}.Release|Any CPU.ActiveCfg = Release|Any CPU
		{BD7C7393-2313-4700-8AA5-B4A20133AE67}.Release|Any CPU.Build.0 = Release|Any CPU
		{BD7C7393-2313-4700-8AA5-B4A20133AE67}.Release|x64.ActiveCfg = Release|Any CPU
		{BD7C7393-2313-4700-8AA5-B4A20133AE67}.Release|x64.Build.0 = Release|Any CPU
		{BD7C7393-2313-4700-8AA5-B4A20133AE67}.Release|x86.ActiveCfg = Release|Any CPU
		{BD7C7393-2313-4700-8AA5-B4A20133AE67}.Release|x86.Build.0 = Release|Any CPU
		{C62E0F0B-1336-45F3-AF2F-266F26CFC037}.Debug|Any CPU.ActiveCfg = Debug|Any CPU
		{C62E0F0B-1336-45F3-AF2F-266F26CFC037}.Debug|Any CPU.Build.0 = Debug|Any CPU
		{C62E0F0B-1336-45F3-AF2F-266F26CFC037}.Debug|x64.ActiveCfg = Debug|Any CPU
		{C62E0F0B-1336-45F3-AF2F-266F26CFC037}.Debug|x64.Build.0 = Debug|Any CPU
		{C62E0F0B-1336-45F3-AF2F-266F26CFC037}.Debug|x86.ActiveCfg = Debug|Any CPU
		{C62E0F0B-1336-45F3-AF2F-266F26CFC037}.Debug|x86.Build.0 = Debug|Any CPU
		{C62E0F0B-1336-45F3-AF2F-266F26CFC037}.Release|Any CPU.ActiveCfg = Release|Any CPU
		{C62E0F0B-1336-45F3-AF2F-266F26CFC037}.Release|Any CPU.Build.0 = Release|Any CPU
		{C62E0F0B-1336-45F3-AF2F-266F26CFC037}.Release|x64.ActiveCfg = Release|Any CPU
		{C62E0F0B-1336-45F3-AF2F-266F26CFC037}.Release|x64.Build.0 = Release|Any CPU
		{C62E0F0B-1336-45F3-AF2F-266F26CFC037}.Release|x86.ActiveCfg = Release|Any CPU
		{C62E0F0B-1336-45F3-AF2F-266F26CFC037}.Release|x86.Build.0 = Release|Any CPU
		{F380C1D3-7F9A-4EC9-A09B-BA915A3913AB}.Debug|Any CPU.ActiveCfg = Debug|Any CPU
		{F380C1D3-7F9A-4EC9-A09B-BA915A3913AB}.Debug|Any CPU.Build.0 = Debug|Any CPU
		{F380C1D3-7F9A-4EC9-A09B-BA915A3913AB}.Debug|x64.ActiveCfg = Debug|Any CPU
		{F380C1D3-7F9A-4EC9-A09B-BA915A3913AB}.Debug|x64.Build.0 = Debug|Any CPU
		{F380C1D3-7F9A-4EC9-A09B-BA915A3913AB}.Debug|x86.ActiveCfg = Debug|Any CPU
		{F380C1D3-7F9A-4EC9-A09B-BA915A3913AB}.Debug|x86.Build.0 = Debug|Any CPU
		{F380C1D3-7F9A-4EC9-A09B-BA915A3913AB}.Release|Any CPU.ActiveCfg = Release|Any CPU
		{F380C1D3-7F9A-4EC9-A09B-BA915A3913AB}.Release|Any CPU.Build.0 = Release|Any CPU
		{F380C1D3-7F9A-4EC9-A09B-BA915A3913AB}.Release|x64.ActiveCfg = Release|Any CPU
		{F380C1D3-7F9A-4EC9-A09B-BA915A3913AB}.Release|x64.Build.0 = Release|Any CPU
		{F380C1D3-7F9A-4EC9-A09B-BA915A3913AB}.Release|x86.ActiveCfg = Release|Any CPU
		{F380C1D3-7F9A-4EC9-A09B-BA915A3913AB}.Release|x86.Build.0 = Release|Any CPU
		{E70DC0B1-929F-41C2-BA1D-094E41A60152}.Debug|Any CPU.ActiveCfg = Debug|Any CPU
		{E70DC0B1-929F-41C2-BA1D-094E41A60152}.Debug|Any CPU.Build.0 = Debug|Any CPU
		{E70DC0B1-929F-41C2-BA1D-094E41A60152}.Debug|x64.ActiveCfg = Debug|Any CPU
		{E70DC0B1-929F-41C2-BA1D-094E41A60152}.Debug|x64.Build.0 = Debug|Any CPU
		{E70DC0B1-929F-41C2-BA1D-094E41A60152}.Debug|x86.ActiveCfg = Debug|Any CPU
		{E70DC0B1-929F-41C2-BA1D-094E41A60152}.Debug|x86.Build.0 = Debug|Any CPU
		{E70DC0B1-929F-41C2-BA1D-094E41A60152}.Release|Any CPU.ActiveCfg = Release|Any CPU
		{E70DC0B1-929F-41C2-BA1D-094E41A60152}.Release|Any CPU.Build.0 = Release|Any CPU
		{E70DC0B1-929F-41C2-BA1D-094E41A60152}.Release|x64.ActiveCfg = Release|Any CPU
		{E70DC0B1-929F-41C2-BA1D-094E41A60152}.Release|x64.Build.0 = Release|Any CPU
		{E70DC0B1-929F-41C2-BA1D-094E41A60152}.Release|x86.ActiveCfg = Release|Any CPU
		{E70DC0B1-929F-41C2-BA1D-094E41A60152}.Release|x86.Build.0 = Release|Any CPU
		{EA211B0A-6A62-4133-B62C-B0A15DCF930D}.Debug|Any CPU.ActiveCfg = Debug|Any CPU
		{EA211B0A-6A62-4133-B62C-B0A15DCF930D}.Debug|Any CPU.Build.0 = Debug|Any CPU
		{EA211B0A-6A62-4133-B62C-B0A15DCF930D}.Debug|x64.ActiveCfg = Debug|Any CPU
		{EA211B0A-6A62-4133-B62C-B0A15DCF930D}.Debug|x64.Build.0 = Debug|Any CPU
		{EA211B0A-6A62-4133-B62C-B0A15DCF930D}.Debug|x86.ActiveCfg = Debug|Any CPU
		{EA211B0A-6A62-4133-B62C-B0A15DCF930D}.Debug|x86.Build.0 = Debug|Any CPU
		{EA211B0A-6A62-4133-B62C-B0A15DCF930D}.Release|Any CPU.ActiveCfg = Release|Any CPU
		{EA211B0A-6A62-4133-B62C-B0A15DCF930D}.Release|Any CPU.Build.0 = Release|Any CPU
		{EA211B0A-6A62-4133-B62C-B0A15DCF930D}.Release|x64.ActiveCfg = Release|Any CPU
		{EA211B0A-6A62-4133-B62C-B0A15DCF930D}.Release|x64.Build.0 = Release|Any CPU
		{EA211B0A-6A62-4133-B62C-B0A15DCF930D}.Release|x86.ActiveCfg = Release|Any CPU
		{EA211B0A-6A62-4133-B62C-B0A15DCF930D}.Release|x86.Build.0 = Release|Any CPU
		{32FA73D0-BDED-4C68-A267-AFBE4C7C2210}.Debug|Any CPU.ActiveCfg = Debug|Any CPU
		{32FA73D0-BDED-4C68-A267-AFBE4C7C2210}.Debug|Any CPU.Build.0 = Debug|Any CPU
		{32FA73D0-BDED-4C68-A267-AFBE4C7C2210}.Debug|x64.ActiveCfg = Debug|Any CPU
		{32FA73D0-BDED-4C68-A267-AFBE4C7C2210}.Debug|x64.Build.0 = Debug|Any CPU
		{32FA73D0-BDED-4C68-A267-AFBE4C7C2210}.Debug|x86.ActiveCfg = Debug|Any CPU
		{32FA73D0-BDED-4C68-A267-AFBE4C7C2210}.Debug|x86.Build.0 = Debug|Any CPU
		{32FA73D0-BDED-4C68-A267-AFBE4C7C2210}.Release|Any CPU.ActiveCfg = Release|Any CPU
		{32FA73D0-BDED-4C68-A267-AFBE4C7C2210}.Release|Any CPU.Build.0 = Release|Any CPU
		{32FA73D0-BDED-4C68-A267-AFBE4C7C2210}.Release|x64.ActiveCfg = Release|Any CPU
		{32FA73D0-BDED-4C68-A267-AFBE4C7C2210}.Release|x64.Build.0 = Release|Any CPU
		{32FA73D0-BDED-4C68-A267-AFBE4C7C2210}.Release|x86.ActiveCfg = Release|Any CPU
		{32FA73D0-BDED-4C68-A267-AFBE4C7C2210}.Release|x86.Build.0 = Release|Any CPU
		{C1AC133D-F039-4787-840B-E1FFDF815BDE}.Debug|Any CPU.ActiveCfg = Debug|Any CPU
		{C1AC133D-F039-4787-840B-E1FFDF815BDE}.Debug|Any CPU.Build.0 = Debug|Any CPU
		{C1AC133D-F039-4787-840B-E1FFDF815BDE}.Debug|x64.ActiveCfg = Debug|Any CPU
		{C1AC133D-F039-4787-840B-E1FFDF815BDE}.Debug|x64.Build.0 = Debug|Any CPU
		{C1AC133D-F039-4787-840B-E1FFDF815BDE}.Debug|x86.ActiveCfg = Debug|Any CPU
		{C1AC133D-F039-4787-840B-E1FFDF815BDE}.Debug|x86.Build.0 = Debug|Any CPU
		{C1AC133D-F039-4787-840B-E1FFDF815BDE}.Release|Any CPU.ActiveCfg = Release|Any CPU
		{C1AC133D-F039-4787-840B-E1FFDF815BDE}.Release|Any CPU.Build.0 = Release|Any CPU
		{C1AC133D-F039-4787-840B-E1FFDF815BDE}.Release|x64.ActiveCfg = Release|Any CPU
		{C1AC133D-F039-4787-840B-E1FFDF815BDE}.Release|x64.Build.0 = Release|Any CPU
		{C1AC133D-F039-4787-840B-E1FFDF815BDE}.Release|x86.ActiveCfg = Release|Any CPU
		{C1AC133D-F039-4787-840B-E1FFDF815BDE}.Release|x86.Build.0 = Release|Any CPU
		{84099DDE-34CC-45B6-80D2-68826FACEE48}.Debug|Any CPU.ActiveCfg = Debug|Any CPU
		{84099DDE-34CC-45B6-80D2-68826FACEE48}.Debug|Any CPU.Build.0 = Debug|Any CPU
		{84099DDE-34CC-45B6-80D2-68826FACEE48}.Debug|x64.ActiveCfg = Debug|Any CPU
		{84099DDE-34CC-45B6-80D2-68826FACEE48}.Debug|x64.Build.0 = Debug|Any CPU
		{84099DDE-34CC-45B6-80D2-68826FACEE48}.Debug|x86.ActiveCfg = Debug|Any CPU
		{84099DDE-34CC-45B6-80D2-68826FACEE48}.Debug|x86.Build.0 = Debug|Any CPU
		{84099DDE-34CC-45B6-80D2-68826FACEE48}.Release|Any CPU.ActiveCfg = Release|Any CPU
		{84099DDE-34CC-45B6-80D2-68826FACEE48}.Release|Any CPU.Build.0 = Release|Any CPU
		{84099DDE-34CC-45B6-80D2-68826FACEE48}.Release|x64.ActiveCfg = Release|Any CPU
		{84099DDE-34CC-45B6-80D2-68826FACEE48}.Release|x64.Build.0 = Release|Any CPU
		{84099DDE-34CC-45B6-80D2-68826FACEE48}.Release|x86.ActiveCfg = Release|Any CPU
		{84099DDE-34CC-45B6-80D2-68826FACEE48}.Release|x86.Build.0 = Release|Any CPU
		{18477A3A-0A2A-49C8-9D50-082F4B76F83A}.Debug|Any CPU.ActiveCfg = Debug|Any CPU
		{18477A3A-0A2A-49C8-9D50-082F4B76F83A}.Debug|Any CPU.Build.0 = Debug|Any CPU
		{18477A3A-0A2A-49C8-9D50-082F4B76F83A}.Debug|x64.ActiveCfg = Debug|Any CPU
		{18477A3A-0A2A-49C8-9D50-082F4B76F83A}.Debug|x64.Build.0 = Debug|Any CPU
		{18477A3A-0A2A-49C8-9D50-082F4B76F83A}.Debug|x86.ActiveCfg = Debug|Any CPU
		{18477A3A-0A2A-49C8-9D50-082F4B76F83A}.Debug|x86.Build.0 = Debug|Any CPU
		{18477A3A-0A2A-49C8-9D50-082F4B76F83A}.Release|Any CPU.ActiveCfg = Release|Any CPU
		{18477A3A-0A2A-49C8-9D50-082F4B76F83A}.Release|Any CPU.Build.0 = Release|Any CPU
		{18477A3A-0A2A-49C8-9D50-082F4B76F83A}.Release|x64.ActiveCfg = Release|Any CPU
		{18477A3A-0A2A-49C8-9D50-082F4B76F83A}.Release|x64.Build.0 = Release|Any CPU
		{18477A3A-0A2A-49C8-9D50-082F4B76F83A}.Release|x86.ActiveCfg = Release|Any CPU
		{18477A3A-0A2A-49C8-9D50-082F4B76F83A}.Release|x86.Build.0 = Release|Any CPU
		{8AE752B4-CC53-4E88-88FD-E39E392A0584}.Debug|Any CPU.ActiveCfg = Debug|Any CPU
		{8AE752B4-CC53-4E88-88FD-E39E392A0584}.Debug|Any CPU.Build.0 = Debug|Any CPU
		{8AE752B4-CC53-4E88-88FD-E39E392A0584}.Debug|x64.ActiveCfg = Debug|Any CPU
		{8AE752B4-CC53-4E88-88FD-E39E392A0584}.Debug|x64.Build.0 = Debug|Any CPU
		{8AE752B4-CC53-4E88-88FD-E39E392A0584}.Debug|x86.ActiveCfg = Debug|Any CPU
		{8AE752B4-CC53-4E88-88FD-E39E392A0584}.Debug|x86.Build.0 = Debug|Any CPU
		{8AE752B4-CC53-4E88-88FD-E39E392A0584}.Release|Any CPU.ActiveCfg = Release|Any CPU
		{8AE752B4-CC53-4E88-88FD-E39E392A0584}.Release|Any CPU.Build.0 = Release|Any CPU
		{8AE752B4-CC53-4E88-88FD-E39E392A0584}.Release|x64.ActiveCfg = Release|Any CPU
		{8AE752B4-CC53-4E88-88FD-E39E392A0584}.Release|x64.Build.0 = Release|Any CPU
		{8AE752B4-CC53-4E88-88FD-E39E392A0584}.Release|x86.ActiveCfg = Release|Any CPU
		{8AE752B4-CC53-4E88-88FD-E39E392A0584}.Release|x86.Build.0 = Release|Any CPU
		{2EE88576-FD57-4CB4-92DE-378BF7FFEDF9}.Debug|Any CPU.ActiveCfg = Debug|Any CPU
		{2EE88576-FD57-4CB4-92DE-378BF7FFEDF9}.Debug|Any CPU.Build.0 = Debug|Any CPU
		{2EE88576-FD57-4CB4-92DE-378BF7FFEDF9}.Debug|x64.ActiveCfg = Debug|Any CPU
		{2EE88576-FD57-4CB4-92DE-378BF7FFEDF9}.Debug|x64.Build.0 = Debug|Any CPU
		{2EE88576-FD57-4CB4-92DE-378BF7FFEDF9}.Debug|x86.ActiveCfg = Debug|Any CPU
		{2EE88576-FD57-4CB4-92DE-378BF7FFEDF9}.Debug|x86.Build.0 = Debug|Any CPU
		{2EE88576-FD57-4CB4-92DE-378BF7FFEDF9}.Release|Any CPU.ActiveCfg = Release|Any CPU
		{2EE88576-FD57-4CB4-92DE-378BF7FFEDF9}.Release|Any CPU.Build.0 = Release|Any CPU
		{2EE88576-FD57-4CB4-92DE-378BF7FFEDF9}.Release|x64.ActiveCfg = Release|Any CPU
		{2EE88576-FD57-4CB4-92DE-378BF7FFEDF9}.Release|x64.Build.0 = Release|Any CPU
		{2EE88576-FD57-4CB4-92DE-378BF7FFEDF9}.Release|x86.ActiveCfg = Release|Any CPU
		{2EE88576-FD57-4CB4-92DE-378BF7FFEDF9}.Release|x86.Build.0 = Release|Any CPU
		{0D1D67CD-EDDC-4B1F-9896-A7FD877C12D9}.Debug|Any CPU.ActiveCfg = Debug|Any CPU
		{0D1D67CD-EDDC-4B1F-9896-A7FD877C12D9}.Debug|Any CPU.Build.0 = Debug|Any CPU
		{0D1D67CD-EDDC-4B1F-9896-A7FD877C12D9}.Debug|x64.ActiveCfg = Debug|Any CPU
		{0D1D67CD-EDDC-4B1F-9896-A7FD877C12D9}.Debug|x64.Build.0 = Debug|Any CPU
		{0D1D67CD-EDDC-4B1F-9896-A7FD877C12D9}.Debug|x86.ActiveCfg = Debug|Any CPU
		{0D1D67CD-EDDC-4B1F-9896-A7FD877C12D9}.Debug|x86.Build.0 = Debug|Any CPU
		{0D1D67CD-EDDC-4B1F-9896-A7FD877C12D9}.Release|Any CPU.ActiveCfg = Release|Any CPU
		{0D1D67CD-EDDC-4B1F-9896-A7FD877C12D9}.Release|Any CPU.Build.0 = Release|Any CPU
		{0D1D67CD-EDDC-4B1F-9896-A7FD877C12D9}.Release|x64.ActiveCfg = Release|Any CPU
		{0D1D67CD-EDDC-4B1F-9896-A7FD877C12D9}.Release|x64.Build.0 = Release|Any CPU
		{0D1D67CD-EDDC-4B1F-9896-A7FD877C12D9}.Release|x86.ActiveCfg = Release|Any CPU
		{0D1D67CD-EDDC-4B1F-9896-A7FD877C12D9}.Release|x86.Build.0 = Release|Any CPU
		{DDEA7B7D-9C4E-4004-A6FE-DDBCA5EC1620}.Debug|Any CPU.ActiveCfg = Debug|Any CPU
		{DDEA7B7D-9C4E-4004-A6FE-DDBCA5EC1620}.Debug|Any CPU.Build.0 = Debug|Any CPU
		{DDEA7B7D-9C4E-4004-A6FE-DDBCA5EC1620}.Debug|x64.ActiveCfg = Debug|Any CPU
		{DDEA7B7D-9C4E-4004-A6FE-DDBCA5EC1620}.Debug|x64.Build.0 = Debug|Any CPU
		{DDEA7B7D-9C4E-4004-A6FE-DDBCA5EC1620}.Debug|x86.ActiveCfg = Debug|Any CPU
		{DDEA7B7D-9C4E-4004-A6FE-DDBCA5EC1620}.Debug|x86.Build.0 = Debug|Any CPU
		{DDEA7B7D-9C4E-4004-A6FE-DDBCA5EC1620}.Release|Any CPU.ActiveCfg = Release|Any CPU
		{DDEA7B7D-9C4E-4004-A6FE-DDBCA5EC1620}.Release|Any CPU.Build.0 = Release|Any CPU
		{DDEA7B7D-9C4E-4004-A6FE-DDBCA5EC1620}.Release|x64.ActiveCfg = Release|Any CPU
		{DDEA7B7D-9C4E-4004-A6FE-DDBCA5EC1620}.Release|x64.Build.0 = Release|Any CPU
		{DDEA7B7D-9C4E-4004-A6FE-DDBCA5EC1620}.Release|x86.ActiveCfg = Release|Any CPU
		{DDEA7B7D-9C4E-4004-A6FE-DDBCA5EC1620}.Release|x86.Build.0 = Release|Any CPU
		{C0EC7C2D-C814-4594-A370-A1095947657C}.Debug|Any CPU.ActiveCfg = Debug|Any CPU
		{C0EC7C2D-C814-4594-A370-A1095947657C}.Debug|Any CPU.Build.0 = Debug|Any CPU
		{C0EC7C2D-C814-4594-A370-A1095947657C}.Debug|x64.ActiveCfg = Debug|Any CPU
		{C0EC7C2D-C814-4594-A370-A1095947657C}.Debug|x64.Build.0 = Debug|Any CPU
		{C0EC7C2D-C814-4594-A370-A1095947657C}.Debug|x86.ActiveCfg = Debug|Any CPU
		{C0EC7C2D-C814-4594-A370-A1095947657C}.Debug|x86.Build.0 = Debug|Any CPU
		{C0EC7C2D-C814-4594-A370-A1095947657C}.Release|Any CPU.ActiveCfg = Release|Any CPU
		{C0EC7C2D-C814-4594-A370-A1095947657C}.Release|Any CPU.Build.0 = Release|Any CPU
		{C0EC7C2D-C814-4594-A370-A1095947657C}.Release|x64.ActiveCfg = Release|Any CPU
		{C0EC7C2D-C814-4594-A370-A1095947657C}.Release|x64.Build.0 = Release|Any CPU
		{C0EC7C2D-C814-4594-A370-A1095947657C}.Release|x86.ActiveCfg = Release|Any CPU
		{C0EC7C2D-C814-4594-A370-A1095947657C}.Release|x86.Build.0 = Release|Any CPU
		{C6331B75-A666-404E-8A03-4BA0286028FD}.Debug|Any CPU.ActiveCfg = Debug|Any CPU
		{C6331B75-A666-404E-8A03-4BA0286028FD}.Debug|Any CPU.Build.0 = Debug|Any CPU
		{C6331B75-A666-404E-8A03-4BA0286028FD}.Debug|x64.ActiveCfg = Debug|x64
		{C6331B75-A666-404E-8A03-4BA0286028FD}.Debug|x64.Build.0 = Debug|x64
		{C6331B75-A666-404E-8A03-4BA0286028FD}.Debug|x86.ActiveCfg = Debug|x86
		{C6331B75-A666-404E-8A03-4BA0286028FD}.Debug|x86.Build.0 = Debug|x86
		{C6331B75-A666-404E-8A03-4BA0286028FD}.Release|Any CPU.ActiveCfg = Release|Any CPU
		{C6331B75-A666-404E-8A03-4BA0286028FD}.Release|Any CPU.Build.0 = Release|Any CPU
		{C6331B75-A666-404E-8A03-4BA0286028FD}.Release|x64.ActiveCfg = Release|x64
		{C6331B75-A666-404E-8A03-4BA0286028FD}.Release|x64.Build.0 = Release|x64
		{C6331B75-A666-404E-8A03-4BA0286028FD}.Release|x86.ActiveCfg = Release|x86
		{C6331B75-A666-404E-8A03-4BA0286028FD}.Release|x86.Build.0 = Release|x86
	EndGlobalSection
	GlobalSection(SolutionProperties) = preSolution
		HideSolutionNode = FALSE
	EndGlobalSection
	GlobalSection(ExtensibilityGlobals) = postSolution
		SolutionGuid = {9AEC2B92-854A-4CC7-87AD-BF8AB199472D}
	EndGlobalSection
EndGlobal
